<?xml version="1.0" encoding="utf-8"?>
<Project ToolsVersion="4.0" xmlns="http://schemas.microsoft.com/developer/msbuild/2003">
  <ItemGroup>
    <Filter Include="Framework">
      <UniqueIdentifier>{67DA6AB6-F800-4c08-8B7A-83BB121AAD01}</UniqueIdentifier>
      <Extensions>rc;ico;cur;bmp;dlg;rc2;rct;bin;rgs;gif;jpg;jpeg;jpe;resx;tiff;tif;png;wav;mfcribbon-ms</Extensions>
    </Filter>
    <Filter Include="Utilities">
      <UniqueIdentifier>{4FC737F1-C7A5-4376-A066-2A32D752A2FF}</UniqueIdentifier>
      <Extensions>cpp;c;cc;cxx;c++;cppm;ixx;def;odl;idl;hpj;bat;asm;asmx</Extensions>
    </Filter>
  </ItemGroup>
  <ItemGroup>
    <ClInclude Include="Resource.h">
      <Filter>Framework</Filter>
    </ClInclude>
    <ClInclude Include="pch.h">
      <Filter>Framework</Filter>
    </ClInclude>
    <ClInclude Include="targetver.h">
      <Filter>Framework</Filter>
    </ClInclude>
    <ClInclude Include="framework.h">
      <Filter>Framework</Filter>
    </ClInclude>
    <ClInclude Include="example_mfc.h">
      <Filter>Framework</Filter>
    </ClInclude>
    <ClInclude Include="example_mfcDlg.h">
      <Filter>Framework</Filter>
    </ClInclude>
    <ClInclude Include="CMFCWebView2.h">
      <Filter>Utilities</Filter>
    </ClInclude>
    <ClInclude Include="json.hpp">
      <Filter>Utilities</Filter>
    </ClInclude>
  </ItemGroup>
  <ItemGroup>
    <ClCompile Include="CMFCWebView2.cpp">
      <Filter>Utilities</Filter>
    </ClCompile>
    <ClCompile Include="example_mfc.cpp">
      <Filter>Framework</Filter>
    </ClCompile>
    <ClCompile Include="example_mfcDlg.cpp">
      <Filter>Framework</Filter>
    </ClCompile>
    <ClCompile Include="pch.cpp">
      <Filter>Framework</Filter>
    </ClCompile>
  </ItemGroup>
  <ItemGroup>
    <ResourceCompile Include="examplemfc.rc">
      <Filter>Framework</Filter>
    </ResourceCompile>
  </ItemGroup>
  <ItemGroup>
    <None Include="res\examplemfc.rc2">
      <Filter>Framework</Filter>
    </None>
  </ItemGroup>
  <ItemGroup>
    <Image Include="res\example_mfc.ico">
      <Filter>Framework</Filter>
    </Image>
  </ItemGroup>
</Project>